
Microsoft Visual Studio Solution File, Format Version 12.00
# Visual Studio Version 17
VisualStudioVersion = 17.1.32407.343
MinimumVisualStudioVersion = 10.0.40219.1
Project("{9A19103F-16F7-4668-BE54-9A1E7A4F7556}") = "TaskOfSetYazilim", "TaskOfSetYazilim\TaskOfSetYazilim.csproj", "{CD45440B-63B2-4856-B0C8-AFF03BCCDD31}"
EndProject
Project("{9A19103F-16F7-4668-BE54-9A1E7A4F7556}") = "DataAccess", "DataAccess\DataAccess.csproj", "{00F01319-CC43-480A-A74F-76139F02CE6B}"
EndProject
Project("{FAE04EC0-301F-11D3-BF4B-00C04F79EFBC}") = "Business", "Business\Business.csproj", "{1CA7CEE8-C1B0-41E2-9710-993EFD2B9008}"
EndProject
Global
	GlobalSection(SolutionConfigurationPlatforms) = preSolution
		Debug|Any CPU = Debug|Any CPU
		Release|Any CPU = Release|Any CPU
	EndGlobalSection
	GlobalSection(ProjectConfigurationPlatforms) = postSolution
		{CD45440B-63B2-4856-B0C8-AFF03BCCDD31}.Debug|Any CPU.ActiveCfg = Debug|Any CPU
		{CD45440B-63B2-4856-B0C8-AFF03BCCDD31}.Debug|Any CPU.Build.0 = Debug|Any CPU
		{CD45440B-63B2-4856-B0C8-AFF03BCCDD31}.Release|Any CPU.ActiveCfg = Release|Any CPU
		{CD45440B-63B2-4856-B0C8-AFF03BCCDD31}.Release|Any CPU.Build.0 = Release|Any CPU
		{00F01319-CC43-480A-A74F-76139F02CE6B}.Debug|Any CPU.ActiveCfg = Debug|Any CPU
		{00F01319-CC43-480A-A74F-76139F02CE6B}.Debug|Any CPU.Build.0 = Debug|Any CPU
		{00F01319-CC43-480A-A74F-76139F02CE6B}.Release|Any CPU.ActiveCfg = Release|Any CPU
		{00F01319-CC43-480A-A74F-76139F02CE6B}.Release|Any CPU.Build.0 = Release|Any CPU
		{1CA7CEE8-C1B0-41E2-9710-993EFD2B9008}.Debug|Any CPU.ActiveCfg = Debug|Any CPU
		{1CA7CEE8-C1B0-41E2-9710-993EFD2B9008}.Debug|Any CPU.Build.0 = Debug|Any CPU
		{1CA7CEE8-C1B0-41E2-9710-993EFD2B9008}.Release|Any CPU.ActiveCfg = Release|Any CPU
		{1CA7CEE8-C1B0-41E2-9710-993EFD2B9008}.Release|Any CPU.Build.0 = Release|Any CPU
	EndGlobalSection
	GlobalSection(SolutionProperties) = preSolution
		HideSolutionNode = FALSE
	EndGlobalSection
	GlobalSection(ExtensibilityGlobals) = postSolution
		SolutionGuid = {8238470D-DFE1-48B5-A61F-100B447F7898}
	EndGlobalSection
EndGlobal
